dependencies:
- name: minio
  repository: oci://registry-1.docker.io/bitnamicharts
  version: 12.8.15
- name: mongodb
  repository: oci://registry-1.docker.io/bitnamicharts
  version: 14.0.10
- name: timescaledb
  repository: file://./timescaledb
  version: 0.8.0
- name: redis
  repository: file://./redis
  version: 0.8.0
- name: postgresql
  repository: oci://registry-1.docker.io/bitnamicharts
  version: 13.1.5
- name: clickhouse
  repository: oci://registry-1.docker.io/bitnamicharts
  version: 4.0.9
digest: sha256:03c9c1efb4a326428dd9f64a4916f09e3ea632cc9c37d8354c41fc7e78b19a40
generated: "2023-10-19T20:55:33.120531+05:30"
