dependencies:
- name: minio
  repository: https://charts.bitnami.com/bitnami
  version: 11.9.1
- name: mongodb
  repository: https://charts.bitnami.com/bitnami
  version: 13.1.2
- name: timescaledb
  repository: file://./timescaledb
  version: 0.2.14
- name: redis
  repository: file://./redis
  version: 0.2.4
- name: postgresql
  repository: https://charts.bitnami.com/bitnami
  version: 12.4.2
digest: sha256:db43944ef026ca47c2297e9b56f52ad2a917e7fb5e3dc08b576e2057c77aad3c
generated: "2023-04-27T19:58:06.279557+05:30"
