dependencies:
- name: minio
  repository: https://charts.bitnami.com/bitnami
  version: 11.9.1
- name: mongodb
  repository: https://charts.bitnami.com/bitnami
  version: 13.1.2
- name: timescaledb
  repository: file://./timescaledb
  version: 0.8.0
- name: redis
  repository: file://./redis
  version: 0.8.1
- name: postgresql
  repository: https://charts.bitnami.com/bitnami
  version: 12.4.2
- name: clickhouse
  repository: https://charts.bitnami.com/bitnami
  version: 2.1.0
digest: sha256:c869adbede937194c22c2bc9d4e1d51c3a2151484a4a183d333c2d417d3c1f8f
generated: "2023-11-07T16:53:47.456135+05:30"
