dependencies:
- name: common
  repository: https://charts.bitnami.com/bitnami
  version: 2.9.0
- name: harness-common
  repository: https://harness.github.io/helm-common
  version: 1.0.29
digest: sha256:13cc17a4da329419edfe89269dd2dd9bd4e470502a7797a8a542566d7ee1eaf4
generated: "2023-08-24T13:09:56.949256-07:00"
