dependencies:
- name: common
  repository: https://charts.bitnami.com/bitnami
  version: 2.13.3
- name: harness-common
  repository: https://harness.github.io/helm-common
  version: 1.1.7
digest: sha256:ed3f814adf488cd5fc170fa81a6bd21bb0d0f0adccb7293c5e046ceb6871caea
generated: "2023-10-20T02:29:49.547369+05:30"
