dependencies:
- name: common
  repository: https://charts.bitnami.com/bitnami
  version: 2.2.4
- name: harness-common
  repository: https://harness.github.io/helm-common
  version: 1.0.12
digest: sha256:5f389374de2705f11678ed12f60ec021eda123ca20fdfaec3759053fb9d9fa7e
generated: "2023-04-27T22:59:44.42967+05:30"
