dependencies:
- name: database
  repository: file://./database
  version: 0.9.1
- name: harness-secrets
  repository: file://./secrets
  version: 0.9.1
- name: rbac
  repository: file://./rbac
  version: 0.9.0
- name: networking
  repository: file://./networking
  version: 0.9.0
digest: sha256:8fc7d2138b95f23b09b09f440e67a4f22763641b9cadd32c89e95a09f7a90549
generated: "2023-10-20T02:36:27.876922+05:30"
