dependencies:
- name: database
  repository: file://./database
  version: 0.9.7
- name: harness-secrets
  repository: file://./secrets
  version: 0.9.1
- name: rbac
  repository: file://./rbac
  version: 0.9.0
- name: networking
  repository: file://./networking
  version: 0.9.3
digest: sha256:53d277feca72aa1cd30c5525f9159391122aed37d87677f0274faf02efdcdd17
generated: "2023-11-07T16:54:24.732447+05:30"
